<?xml version="1.0" encoding="utf-8"?>
<Project ToolsVersion="4.0" xmlns="http://schemas.microsoft.com/developer/msbuild/2003">
  <ItemGroup>
    <Filter Include="Source">
      <UniqueIdentifier>{e2cdcaa1-fa7b-4259-9611-6a14b9217c38}</UniqueIdentifier>
    </Filter>
    <Filter Include="Source\Graphics">
      <UniqueIdentifier>{139c4ee9-2066-4a0d-b6f5-eda0adee3b75}</UniqueIdentifier>
    </Filter>
    <Filter Include="Source\Graphics\ImGui">
      <UniqueIdentifier>{8ab24274-446b-49b8-89b5-e9046b20aa4a}</UniqueIdentifier>
    </Filter>
    <Filter Include="Source\Engine">
      <UniqueIdentifier>{261a5ab4-8431-4d32-8e53-e38a031fdd4e}</UniqueIdentifier>
    </Filter>
    <Filter Include="Resources">
      <UniqueIdentifier>{67DA6AB6-F800-4c08-8B7A-83BB121AAD01}</UniqueIdentifier>
      <Extensions>rc;ico;cur;bmp;dlg;rc2;rct;bin;rgs;gif;jpg;jpeg;jpe;resx;tiff;tif;png;wav;mfcribbon-ms</Extensions>
    </Filter>
    <Filter Include="Source\Library">
      <UniqueIdentifier>{16db3125-fbbd-4be6-abcc-5b5884e6e7b5}</UniqueIdentifier>
    </Filter>
    <Filter Include="Source\Library\assimp">
      <UniqueIdentifier>{a4a7874f-337b-44cd-a02b-630f80401b25}</UniqueIdentifier>
    </Filter>
    <Filter Include="Source\Library\assimp\port">
      <UniqueIdentifier>{a5ba5bb8-f698-46f1-925e-b569822787c7}</UniqueIdentifier>
    </Filter>
    <Filter Include="Source\Library\assimp\Compiler">
      <UniqueIdentifier>{ae426c77-6264-4176-9236-aad2e5fe2475}</UniqueIdentifier>
    </Filter>
    <Filter Include="Source\Library\assimp\port\AndroidJNI">
      <UniqueIdentifier>{86f85310-a711-48b7-ba37-21ea5bfd0baa}</UniqueIdentifier>
    </Filter>
    <Filter Include="Source\Graphics\CommandContext">
      <UniqueIdentifier>{7a2e20d3-9ccc-4811-96c0-d68a5fd104db}</UniqueIdentifier>
    </Filter>
    <Filter Include="Source\Utility">
      <UniqueIdentifier>{6cce5a1e-5305-4858-8301-79378cb1d3c8}</UniqueIdentifier>
    </Filter>
    <Filter Include="Source\App">
      <UniqueIdentifier>{9d7f5e49-9c79-434d-b71f-77d8605c2449}</UniqueIdentifier>
    </Filter>
    <Filter Include="Source\Utility\Math">
      <UniqueIdentifier>{bcb883d7-212d-45b0-b9aa-10ea781b4294}</UniqueIdentifier>
    </Filter>
    <Filter Include="Source\Graphics\CommandQueue">
      <UniqueIdentifier>{cca1895e-48c5-422a-b2bc-fcaf113f4121}</UniqueIdentifier>
    </Filter>
    <Filter Include="Source\Graphics\Buffer">
      <UniqueIdentifier>{829765f2-df8a-488a-9204-43e26bfe9aaa}</UniqueIdentifier>
    </Filter>
  </ItemGroup>
  <ItemGroup>
    <ClCompile Include="Graphics\Graphics.cpp">
      <Filter>Source\Graphics</Filter>
    </ClCompile>
    <ClCompile Include="Engine\SystemTime.cpp">
      <Filter>Source\Engine</Filter>
    </ClCompile>
    <ClCompile Include="Engine\Game.cpp">
      <Filter>Source\Engine</Filter>
    </ClCompile>
    <ClCompile Include="Utility\Console.cpp">
      <Filter>Source\Utility</Filter>
    </ClCompile>
    <ClCompile Include="Utility\Window.cpp">
      <Filter>Source\Utility</Filter>
    </ClCompile>
    <ClCompile Include="Utility\SIMD.cpp">
      <Filter>Source\Utility</Filter>
    </ClCompile>
    <ClCompile Include="Utility\Global.cpp">
      <Filter>Source\Utility</Filter>
    </ClCompile>
    <ClCompile Include="App\App.cpp">
      <Filter>Source\App</Filter>
    </ClCompile>
    <ClCompile Include="Utility\Math\Frustum.cpp">
      <Filter>Source\Utility\Math</Filter>
    </ClCompile>
    <ClCompile Include="Utility\Math\Random.cpp">
      <Filter>Source\Utility\Math</Filter>
    </ClCompile>
    <ClCompile Include="Graphics\CommandAllocatorPool.cpp">
      <Filter>Source\Graphics\CommandQueue</Filter>
    </ClCompile>
    <ClCompile Include="Graphics\CommandQueueManager.cpp">
      <Filter>Source\Graphics\CommandQueue</Filter>
    </ClCompile>
    <ClCompile Include="Graphics\DescriptorHeap.cpp">
      <Filter>Source\Graphics</Filter>
    </ClCompile>
    <ClCompile Include="Graphics\CommandContext.cpp">
      <Filter>Source\Graphics\CommandContext</Filter>
    </ClCompile>
    <ClCompile Include="Graphics\DynamicDescriptorHeap.cpp">
      <Filter>Source\Graphics\CommandContext</Filter>
    </ClCompile>
    <ClCompile Include="Graphics\LinearAllocator.cpp">
      <Filter>Source\Graphics\CommandContext</Filter>
    </ClCompile>
    <ClCompile Include="Graphics\PipelineState.cpp">
      <Filter>Source\Graphics\CommandContext</Filter>
    </ClCompile>
    <ClCompile Include="Graphics\RootSignature.cpp">
      <Filter>Source\Graphics\CommandContext</Filter>
    </ClCompile>
    <ClCompile Include="Graphics\Color.cpp">
      <Filter>Source\Graphics\Buffer</Filter>
    </ClCompile>
    <ClCompile Include="Graphics\ColorBuffer.cpp">
      <Filter>Source\Graphics\Buffer</Filter>
    </ClCompile>
    <ClCompile Include="Graphics\DepthBuffer.cpp">
      <Filter>Source\Graphics\Buffer</Filter>
    </ClCompile>
    <ClCompile Include="Graphics\GpuBuffer.cpp">
      <Filter>Source\Graphics\Buffer</Filter>
    </ClCompile>
    <ClCompile Include="Graphics\PixelBuffer.cpp">
      <Filter>Source\Graphics\Buffer</Filter>
    </ClCompile>
    <ClCompile Include="Engine\GameInput.cpp">
      <Filter>Source\Engine</Filter>
    </ClCompile>
    <ClCompile Include="Graphics\ImGui\imgui.cpp">
      <Filter>Source\Graphics\ImGui</Filter>
    </ClCompile>
    <ClCompile Include="Graphics\ImGui\imgui_demo.cpp">
      <Filter>Source\Graphics\ImGui</Filter>
    </ClCompile>
    <ClCompile Include="Graphics\ImGui\imgui_draw.cpp">
      <Filter>Source\Graphics\ImGui</Filter>
    </ClCompile>
    <ClCompile Include="Graphics\ImGui\imgui_impl_dx12.cpp">
      <Filter>Source\Graphics\ImGui</Filter>
    </ClCompile>
    <ClCompile Include="Graphics\ImGui\imgui_impl_win32.cpp">
      <Filter>Source\Graphics\ImGui</Filter>
    </ClCompile>
    <ClCompile Include="Graphics\ImGui\imgui_widgets.cpp">
      <Filter>Source\Graphics\ImGui</Filter>
    </ClCompile>
  </ItemGroup>
  <ItemGroup>
    <ClInclude Include="Graphics\D3D12Header.h">
      <Filter>Source\Graphics</Filter>
    </ClInclude>
    <ClInclude Include="Graphics\d3dx12.h">
      <Filter>Source\Graphics</Filter>
    </ClInclude>
    <ClInclude Include="resource.h">
      <Filter>Resources</Filter>
    </ClInclude>
    <ClInclude Include="Library\assimp\aabb.h">
      <Filter>Source\Library\assimp</Filter>
    </ClInclude>
    <ClInclude Include="Library\assimp\ai_assert.h">
      <Filter>Source\Library\assimp</Filter>
    </ClInclude>
    <ClInclude Include="Library\assimp\anim.h">
      <Filter>Source\Library\assimp</Filter>
    </ClInclude>
    <ClInclude Include="Library\assimp\BaseImporter.h">
      <Filter>Source\Library\assimp</Filter>
    </ClInclude>
    <ClInclude Include="Library\assimp\Bitmap.h">
      <Filter>Source\Library\assimp</Filter>
    </ClInclude>
    <ClInclude Include="Library\assimp\BlobIOSystem.h">
      <Filter>Source\Library\assimp</Filter>
    </ClInclude>
    <ClInclude Include="Library\assimp\ByteSwapper.h">
      <Filter>Source\Library\assimp</Filter>
    </ClInclude>
    <ClInclude Include="Library\assimp\camera.h">
      <Filter>Source\Library\assimp</Filter>
    </ClInclude>
    <ClInclude Include="Library\assimp\cexport.h">
      <Filter>Source\Library\assimp</Filter>
    </ClInclude>
    <ClInclude Include="Library\assimp\cfileio.h">
      <Filter>Source\Library\assimp</Filter>
    </ClInclude>
    <ClInclude Include="Library\assimp\cimport.h">
      <Filter>Source\Library\assimp</Filter>
    </ClInclude>
    <ClInclude Include="Library\assimp\color4.h">
      <Filter>Source\Library\assimp</Filter>
    </ClInclude>
    <ClInclude Include="Library\assimp\config.h">
      <Filter>Source\Library\assimp</Filter>
    </ClInclude>
    <ClInclude Include="Library\assimp\CreateAnimMesh.h">
      <Filter>Source\Library\assimp</Filter>
    </ClInclude>
    <ClInclude Include="Library\assimp\DefaultIOStream.h">
      <Filter>Source\Library\assimp</Filter>
    </ClInclude>
    <ClInclude Include="Library\assimp\DefaultIOSystem.h">
      <Filter>Source\Library\assimp</Filter>
    </ClInclude>
    <ClInclude Include="Library\assimp\DefaultLogger.hpp">
      <Filter>Source\Library\assimp</Filter>
    </ClInclude>
    <ClInclude Include="Library\assimp\Defines.h">
      <Filter>Source\Library\assimp</Filter>
    </ClInclude>
    <ClInclude Include="Library\assimp\defs.h">
      <Filter>Source\Library\assimp</Filter>
    </ClInclude>
    <ClInclude Include="Library\assimp\Exceptional.h">
      <Filter>Source\Library\assimp</Filter>
    </ClInclude>
    <ClInclude Include="Library\assimp\Exporter.hpp">
      <Filter>Source\Library\assimp</Filter>
    </ClInclude>
    <ClInclude Include="Library\assimp\fast_atof.h">
      <Filter>Source\Library\assimp</Filter>
    </ClInclude>
    <ClInclude Include="Library\assimp\GenericProperty.h">
      <Filter>Source\Library\assimp</Filter>
    </ClInclude>
    <ClInclude Include="Library\assimp\Hash.h">
      <Filter>Source\Library\assimp</Filter>
    </ClInclude>
    <ClInclude Include="Library\assimp\Importer.hpp">
      <Filter>Source\Library\assimp</Filter>
    </ClInclude>
    <ClInclude Include="Library\assimp\importerdesc.h">
      <Filter>Source\Library\assimp</Filter>
    </ClInclude>
    <ClInclude Include="Library\assimp\IOStream.hpp">
      <Filter>Source\Library\assimp</Filter>
    </ClInclude>
    <ClInclude Include="Library\assimp\IOStreamBuffer.h">
      <Filter>Source\Library\assimp</Filter>
    </ClInclude>
    <ClInclude Include="Library\assimp\IOSystem.hpp">
      <Filter>Source\Library\assimp</Filter>
    </ClInclude>
    <ClInclude Include="Library\assimp\irrXMLWrapper.h">
      <Filter>Source\Library\assimp</Filter>
    </ClInclude>
    <ClInclude Include="Library\assimp\light.h">
      <Filter>Source\Library\assimp</Filter>
    </ClInclude>
    <ClInclude Include="Library\assimp\LineSplitter.h">
      <Filter>Source\Library\assimp</Filter>
    </ClInclude>
    <ClInclude Include="Library\assimp\LogAux.h">
      <Filter>Source\Library\assimp</Filter>
    </ClInclude>
    <ClInclude Include="Library\assimp\Logger.hpp">
      <Filter>Source\Library\assimp</Filter>
    </ClInclude>
    <ClInclude Include="Library\assimp\LogStream.hpp">
      <Filter>Source\Library\assimp</Filter>
    </ClInclude>
    <ClInclude Include="Library\assimp\Macros.h">
      <Filter>Source\Library\assimp</Filter>
    </ClInclude>
    <ClInclude Include="Library\assimp\material.h">
      <Filter>Source\Library\assimp</Filter>
    </ClInclude>
    <ClInclude Include="Library\assimp\MathFunctions.h">
      <Filter>Source\Library\assimp</Filter>
    </ClInclude>
    <ClInclude Include="Library\assimp\matrix3x3.h">
      <Filter>Source\Library\assimp</Filter>
    </ClInclude>
    <ClInclude Include="Library\assimp\matrix4x4.h">
      <Filter>Source\Library\assimp</Filter>
    </ClInclude>
    <ClInclude Include="Library\assimp\MemoryIOWrapper.h">
      <Filter>Source\Library\assimp</Filter>
    </ClInclude>
    <ClInclude Include="Library\assimp\mesh.h">
      <Filter>Source\Library\assimp</Filter>
    </ClInclude>
    <ClInclude Include="Library\assimp\metadata.h">
      <Filter>Source\Library\assimp</Filter>
    </ClInclude>
    <ClInclude Include="Library\assimp\NullLogger.hpp">
      <Filter>Source\Library\assimp</Filter>
    </ClInclude>
    <ClInclude Include="Library\assimp\ParsingUtils.h">
      <Filter>Source\Library\assimp</Filter>
    </ClInclude>
    <ClInclude Include="Library\assimp\pbrmaterial.h">
      <Filter>Source\Library\assimp</Filter>
    </ClInclude>
    <ClInclude Include="Library\assimp\postprocess.h">
      <Filter>Source\Library\assimp</Filter>
    </ClInclude>
    <ClInclude Include="Library\assimp\Profiler.h">
      <Filter>Source\Library\assimp</Filter>
    </ClInclude>
    <ClInclude Include="Library\assimp\ProgressHandler.hpp">
      <Filter>Source\Library\assimp</Filter>
    </ClInclude>
    <ClInclude Include="Library\assimp\qnan.h">
      <Filter>Source\Library\assimp</Filter>
    </ClInclude>
    <ClInclude Include="Library\assimp\quaternion.h">
      <Filter>Source\Library\assimp</Filter>
    </ClInclude>
    <ClInclude Include="Library\assimp\RemoveComments.h">
      <Filter>Source\Library\assimp</Filter>
    </ClInclude>
    <ClInclude Include="Library\assimp\scene.h">
      <Filter>Source\Library\assimp</Filter>
    </ClInclude>
    <ClInclude Include="Library\assimp\SceneCombiner.h">
      <Filter>Source\Library\assimp</Filter>
    </ClInclude>
    <ClInclude Include="Library\assimp\SGSpatialSort.h">
      <Filter>Source\Library\assimp</Filter>
    </ClInclude>
    <ClInclude Include="Library\assimp\SkeletonMeshBuilder.h">
      <Filter>Source\Library\assimp</Filter>
    </ClInclude>
    <ClInclude Include="Library\assimp\SmoothingGroups.h">
      <Filter>Source\Library\assimp</Filter>
    </ClInclude>
    <ClInclude Include="Library\assimp\SpatialSort.h">
      <Filter>Source\Library\assimp</Filter>
    </ClInclude>
    <ClInclude Include="Library\assimp\StandardShapes.h">
      <Filter>Source\Library\assimp</Filter>
    </ClInclude>
    <ClInclude Include="Library\assimp\StreamReader.h">
      <Filter>Source\Library\assimp</Filter>
    </ClInclude>
    <ClInclude Include="Library\assimp\StreamWriter.h">
      <Filter>Source\Library\assimp</Filter>
    </ClInclude>
    <ClInclude Include="Library\assimp\StringComparison.h">
      <Filter>Source\Library\assimp</Filter>
    </ClInclude>
    <ClInclude Include="Library\assimp\StringUtils.h">
      <Filter>Source\Library\assimp</Filter>
    </ClInclude>
    <ClInclude Include="Library\assimp\Subdivision.h">
      <Filter>Source\Library\assimp</Filter>
    </ClInclude>
    <ClInclude Include="Library\assimp\texture.h">
      <Filter>Source\Library\assimp</Filter>
    </ClInclude>
    <ClInclude Include="Library\assimp\TinyFormatter.h">
      <Filter>Source\Library\assimp</Filter>
    </ClInclude>
    <ClInclude Include="Library\assimp\types.h">
      <Filter>Source\Library\assimp</Filter>
    </ClInclude>
    <ClInclude Include="Library\assimp\vector2.h">
      <Filter>Source\Library\assimp</Filter>
    </ClInclude>
    <ClInclude Include="Library\assimp\vector3.h">
      <Filter>Source\Library\assimp</Filter>
    </ClInclude>
    <ClInclude Include="Library\assimp\version.h">
      <Filter>Source\Library\assimp</Filter>
    </ClInclude>
    <ClInclude Include="Library\assimp\Vertex.h">
      <Filter>Source\Library\assimp</Filter>
    </ClInclude>
    <ClInclude Include="Library\assimp\XMLTools.h">
      <Filter>Source\Library\assimp</Filter>
    </ClInclude>
    <ClInclude Include="Library\assimp\ZipArchiveIOSystem.h">
      <Filter>Source\Library\assimp</Filter>
    </ClInclude>
    <ClInclude Include="Library\assimp\port\AndroidJNI\AndroidJNIIOSystem.h">
      <Filter>Source\Library\assimp\port\AndroidJNI</Filter>
    </ClInclude>
    <ClInclude Include="Library\assimp\Compiler\poppack1.h">
      <Filter>Source\Library\assimp\Compiler</Filter>
    </ClInclude>
    <ClInclude Include="Library\assimp\Compiler\pstdint.h">
      <Filter>Source\Library\assimp\Compiler</Filter>
    </ClInclude>
    <ClInclude Include="Library\assimp\Compiler\pushpack1.h">
      <Filter>Source\Library\assimp\Compiler</Filter>
    </ClInclude>
    <ClInclude Include="Library\AssimpHeader.h">
      <Filter>Source\Library</Filter>
    </ClInclude>
    <ClInclude Include="Graphics\Graphics.h">
      <Filter>Source\Graphics</Filter>
    </ClInclude>
    <ClInclude Include="Engine\SystemTime.h">
      <Filter>Source\Engine</Filter>
    </ClInclude>
    <ClInclude Include="Engine\Game.h">
      <Filter>Source\Engine</Filter>
    </ClInclude>
    <ClInclude Include="Graphics\Scene.h">
      <Filter>Source\Graphics</Filter>
    </ClInclude>
    <ClInclude Include="Utility\AssertException.h">
      <Filter>Source\Utility</Filter>
    </ClInclude>
    <ClInclude Include="Utility\Console.h">
      <Filter>Source\Utility</Filter>
    </ClInclude>
    <ClInclude Include="Utility\Exception.h">
      <Filter>Source\Utility</Filter>
    </ClInclude>
    <ClInclude Include="Utility\HrExpection.h">
      <Filter>Source\Utility</Filter>
    </ClInclude>
    <ClInclude Include="Utility\Utility.h">
      <Filter>Source\Utility</Filter>
    </ClInclude>
    <ClInclude Include="Utility\Window.h">
      <Filter>Source\Utility</Filter>
    </ClInclude>
    <ClInclude Include="Utility\BlobExpection.h">
      <Filter>Source\Utility</Filter>
    </ClInclude>
    <ClInclude Include="Utility\SIMD.h">
      <Filter>Source\Utility</Filter>
    </ClInclude>
    <ClInclude Include="Utility\Global.h">
      <Filter>Source\Utility</Filter>
    </ClInclude>
    <ClInclude Include="App\App.h">
      <Filter>Source\App</Filter>
    </ClInclude>
    <ClInclude Include="Utility\Math\BoundingPlane.h">
      <Filter>Source\Utility\Math</Filter>
    </ClInclude>
    <ClInclude Include="Utility\Math\BoundingSphere.h">
      <Filter>Source\Utility\Math</Filter>
    </ClInclude>
    <ClInclude Include="Utility\Math\Common.h">
      <Filter>Source\Utility\Math</Filter>
    </ClInclude>
    <ClInclude Include="Utility\Math\Frustum.h">
      <Filter>Source\Utility\Math</Filter>
    </ClInclude>
    <ClInclude Include="Utility\Math\Hash.h">
      <Filter>Source\Utility\Math</Filter>
    </ClInclude>
    <ClInclude Include="Utility\Math\Matrix3.h">
      <Filter>Source\Utility\Math</Filter>
    </ClInclude>
    <ClInclude Include="Utility\Math\Matrix4.h">
      <Filter>Source\Utility\Math</Filter>
    </ClInclude>
    <ClInclude Include="Utility\Math\Quaternion.h">
      <Filter>Source\Utility\Math</Filter>
    </ClInclude>
    <ClInclude Include="Utility\Math\Random.h">
      <Filter>Source\Utility\Math</Filter>
    </ClInclude>
    <ClInclude Include="Utility\Math\Scalar.h">
      <Filter>Source\Utility\Math</Filter>
    </ClInclude>
    <ClInclude Include="Utility\Math\Transform.h">
      <Filter>Source\Utility\Math</Filter>
    </ClInclude>
    <ClInclude Include="Utility\Math\Vector.h">
      <Filter>Source\Utility\Math</Filter>
    </ClInclude>
    <ClInclude Include="Utility\Math\VectorMath.h">
      <Filter>Source\Utility\Math</Filter>
    </ClInclude>
    <ClInclude Include="Graphics\CommandQueueManager.h">
      <Filter>Source\Graphics\CommandQueue</Filter>
    </ClInclude>
    <ClInclude Include="Graphics\CommandAllocatorPool.h">
      <Filter>Source\Graphics\CommandQueue</Filter>
    </ClInclude>
    <ClInclude Include="Graphics\DescriptorHeap.h">
      <Filter>Source\Graphics</Filter>
    </ClInclude>
    <ClInclude Include="Graphics\CommandContext.h">
      <Filter>Source\Graphics\CommandContext</Filter>
    </ClInclude>
    <ClInclude Include="Graphics\DynamicDescriptorHeap.h">
      <Filter>Source\Graphics\CommandContext</Filter>
    </ClInclude>
    <ClInclude Include="Graphics\LinearAllocator.h">
      <Filter>Source\Graphics\CommandContext</Filter>
    </ClInclude>
    <ClInclude Include="Graphics\PipelineState.h">
      <Filter>Source\Graphics\CommandContext</Filter>
    </ClInclude>
    <ClInclude Include="Graphics\RootSignature.h">
      <Filter>Source\Graphics\CommandContext</Filter>
    </ClInclude>
    <ClInclude Include="Graphics\Color.h">
      <Filter>Source\Graphics\Buffer</Filter>
    </ClInclude>
    <ClInclude Include="Graphics\ColorBuffer.h">
      <Filter>Source\Graphics\Buffer</Filter>
    </ClInclude>
    <ClInclude Include="Graphics\DepthBuffer.h">
      <Filter>Source\Graphics\Buffer</Filter>
    </ClInclude>
    <ClInclude Include="Graphics\GpuBuffer.h">
      <Filter>Source\Graphics\Buffer</Filter>
    </ClInclude>
    <ClInclude Include="Graphics\GpuResource.h">
      <Filter>Source\Graphics\Buffer</Filter>
    </ClInclude>
    <ClInclude Include="Graphics\PixelBuffer.h">
      <Filter>Source\Graphics\Buffer</Filter>
    </ClInclude>
    <ClInclude Include="Engine\GameInput.h">
      <Filter>Source\Engine</Filter>
    </ClInclude>
    <ClInclude Include="Engine\Drawable.h">
      <Filter>Source\Graphics</Filter>
    </ClInclude>
    <ClInclude Include="Graphics\ImGui\imconfig.h">
      <Filter>Source\Graphics\ImGui</Filter>
    </ClInclude>
    <ClInclude Include="Graphics\ImGui\imgui.h">
      <Filter>Source\Graphics\ImGui</Filter>
    </ClInclude>
    <ClInclude Include="Graphics\ImGui\imgui_impl_dx12.h">
      <Filter>Source\Graphics\ImGui</Filter>
    </ClInclude>
    <ClInclude Include="Graphics\ImGui\imgui_impl_win32.h">
      <Filter>Source\Graphics\ImGui</Filter>
    </ClInclude>
    <ClInclude Include="Graphics\ImGui\imgui_internal.h">
      <Filter>Source\Graphics\ImGui</Filter>
    </ClInclude>
    <ClInclude Include="Graphics\ImGui\imstb_rectpack.h">
      <Filter>Source\Graphics\ImGui</Filter>
    </ClInclude>
    <ClInclude Include="Graphics\ImGui\imstb_textedit.h">
      <Filter>Source\Graphics\ImGui</Filter>
    </ClInclude>
    <ClInclude Include="Graphics\ImGui\imstb_truetype.h">
      <Filter>Source\Graphics\ImGui</Filter>
    </ClInclude>
  </ItemGroup>
  <ItemGroup>
    <ResourceCompile Include="Graphics.rc">
      <Filter>Resources</Filter>
    </ResourceCompile>
  </ItemGroup>
  <ItemGroup>
    <Image Include="Icon.ico">
      <Filter>Resources</Filter>
    </Image>
  </ItemGroup>
  <ItemGroup>
    <None Include="Library\assimp\.editorconfig">
      <Filter>Source\Library\assimp</Filter>
    </None>
    <None Include="Library\assimp\color4.inl">
      <Filter>Source\Library\assimp</Filter>
    </None>
    <None Include="Library\assimp\config.h.in">
      <Filter>Source\Library\assimp</Filter>
    </None>
    <None Include="Library\assimp\material.inl">
      <Filter>Source\Library\assimp</Filter>
    </None>
    <None Include="Library\assimp\matrix3x3.inl">
      <Filter>Source\Library\assimp</Filter>
    </None>
    <None Include="Library\assimp\matrix4x4.inl">
      <Filter>Source\Library\assimp</Filter>
    </None>
    <None Include="Library\assimp\quaternion.inl">
      <Filter>Source\Library\assimp</Filter>
    </None>
    <None Include="Library\assimp\SmoothingGroups.inl">
      <Filter>Source\Library\assimp</Filter>
    </None>
    <None Include="Library\assimp\vector2.inl">
      <Filter>Source\Library\assimp</Filter>
    </None>
    <None Include="Library\assimp\vector3.inl">
      <Filter>Source\Library\assimp</Filter>
    </None>
    <None Include="packages.config" />
    <None Include="Utility\Math\Functions.inl">
      <Filter>Source\Utility\Math</Filter>
    </None>
  </ItemGroup>
</Project>